
Microsoft Visual Studio Solution File, Format Version 12.00
# Visual Studio Version 17
VisualStudioVersion = 17.6.33815.320
MinimumVisualStudioVersion = 10.0.40219.1
Project("{FAE04EC0-301F-11D3-BF4B-00C04F79EFBC}") = "WindowsFormsTH2023072", "WindowsFormsTH2023072\WindowsFormsTH2023072.csproj", "{20A0AC46-E7CA-465C-B853-2D552FC7BF65}"
EndProject
Global
	GlobalSection(SolutionConfigurationPlatforms) = preSolution
		Debug|Any CPU = Debug|Any CPU
		Release|Any CPU = Release|Any CPU
	EndGlobalSection
	GlobalSection(ProjectConfigurationPlatforms) = postSolution
		{20A0AC46-E7CA-465C-B853-2D552FC7BF65}.Debug|Any CPU.ActiveCfg = Debug|Any CPU
		{20A0AC46-E7CA-465C-B853-2D552FC7BF65}.Debug|Any CPU.Build.0 = Debug|Any CPU
		{20A0AC46-E7CA-465C-B853-2D552FC7BF65}.Release|Any CPU.ActiveCfg = Release|Any CPU
		{20A0AC46-E7CA-465C-B853-2D552FC7BF65}.Release|Any CPU.Build.0 = Release|Any CPU
	EndGlobalSection
	GlobalSection(SolutionProperties) = preSolution
		HideSolutionNode = FALSE
	EndGlobalSection
	GlobalSection(ExtensibilityGlobals) = postSolution
		SolutionGuid = {19AE7E5F-32AB-4777-AE56-567D3644F711}
	EndGlobalSection
EndGlobal
